
Microsoft Visual Studio Solution File, Format Version 12.00
# Visual Studio Version 16
VisualStudioVersion = 16.0.30611.23
MinimumVisualStudioVersion = 10.0.40219.1
Project("{FAE04EC0-301F-11D3-BF4B-00C04F79EFBC}") = "ivanvidal", "ivanvidal\ivanvidal.csproj", "{4A9B27A2-D224-4997-8EBA-023501629415}"
EndProject
Global
	GlobalSection(SolutionConfigurationPlatforms) = preSolution
		Debug|Any CPU = Debug|Any CPU
		Release|Any CPU = Release|Any CPU
	EndGlobalSection
	GlobalSection(ProjectConfigurationPlatforms) = postSolution
		{4A9B27A2-D224-4997-8EBA-023501629415}.Debug|Any CPU.ActiveCfg = Debug|Any CPU
		{4A9B27A2-D224-4997-8EBA-023501629415}.Debug|Any CPU.Build.0 = Debug|Any CPU
		{4A9B27A2-D224-4997-8EBA-023501629415}.Release|Any CPU.ActiveCfg = Release|Any CPU
		{4A9B27A2-D224-4997-8EBA-023501629415}.Release|Any CPU.Build.0 = Release|Any CPU
	EndGlobalSection
	GlobalSection(SolutionProperties) = preSolution
		HideSolutionNode = FALSE
	EndGlobalSection
	GlobalSection(ExtensibilityGlobals) = postSolution
		SolutionGuid = {C0D7EC6F-C98D-49BA-8BF3-B5070E048434}
	EndGlobalSection
EndGlobal
